// !$*UTF8*$!
{
	archiveVersion = 1;
	classes = {
	};
	objectVersion = 46;
	objects = {

/* Begin PBXBuildFile section */
		9322C5EE1AACFD4A009E3BD8 /* AppDelegate.swift in Sources */ = {isa = PBXBuildFile; fileRef = 9322C5ED1AACFD4A009E3BD8 /* AppDelegate.swift */; };
		9322C5F01AACFD4A009E3BD8 /* ViewController.swift in Sources */ = {isa = PBXBuildFile; fileRef = 9322C5EF1AACFD4A009E3BD8 /* ViewController.swift */; };
		9322C5F31AACFD4A009E3BD8 /* Main.storyboard in Resources */ = {isa = PBXBuildFile; fileRef = 9322C5F11AACFD4A009E3BD8 /* Main.storyboard */; };
		9322C5F51AACFD4A009E3BD8 /* Images.xcassets in Resources */ = {isa = PBXBuildFile; fileRef = 9322C5F41AACFD4A009E3BD8 /* Images.xcassets */; };
		9322C5F81AACFD4A009E3BD8 /* LaunchScreen.xib in Resources */ = {isa = PBXBuildFile; fileRef = 9322C5F61AACFD4A009E3BD8 /* LaunchScreen.xib */; };
		9322C6041AACFD4A009E3BD8 /* MusicPhoneTests.swift in Sources */ = {isa = PBXBuildFile; fileRef = 9322C6031AACFD4A009E3BD8 /* MusicPhoneTests.swift */; };
		942B357D1AAD03CD00347C1F /* LoginViewController.swift in Sources */ = {isa = PBXBuildFile; fileRef = 942B357C1AAD03CD00347C1F /* LoginViewController.swift */; };
/* End PBXBuildFile section */

/* Begin PBXContainerItemProxy section */
		9322C5FE1AACFD4A009E3BD8 /* PBXContainerItemProxy */ = {
			isa = PBXContainerItemProxy;
			containerPortal = 9322C5E01AACFD4A009E3BD8 /* Project object */;
			proxyType = 1;
			remoteGlobalIDString = 9322C5E71AACFD4A009E3BD8;
			remoteInfo = MusicPhone;
		};
/* End PBXContainerItemProxy section */

/* Begin PBXFileReference section */
		9322C5E81AACFD4A009E3BD8 /* MusicPhone.app */ = {isa = PBXFileReference; explicitFileType = wrapper.application; includeInIndex = 0; path = MusicPhone.app; sourceTree = BUILT_PRODUCTS_DIR; };
		9322C5EC1AACFD4A009E3BD8 /* Info.plist */ = {isa = PBXFileReference; lastKnownFileType = text.plist.xml; path = Info.plist; sourceTree = "<group>"; };
		9322C5ED1AACFD4A009E3BD8 /* AppDelegate.swift */ = {isa = PBXFileReference; lastKnownFileType = sourcecode.swift; path = AppDelegate.swift; sourceTree = "<group>"; };
		9322C5EF1AACFD4A009E3BD8 /* ViewController.swift */ = {isa = PBXFileReference; lastKnownFileType = sourcecode.swift; path = ViewController.swift; sourceTree = "<group>"; };
		9322C5F21AACFD4A009E3BD8 /* Base */ = {isa = PBXFileReference; lastKnownFileType = file.storyboard; name = Base; path = Base.lproj/Main.storyboard; sourceTree = "<group>"; };
		9322C5F41AACFD4A009E3BD8 /* Images.xcassets */ = {isa = PBXFileReference; lastKnownFileType = folder.assetcatalog; path = Images.xcassets; sourceTree = "<group>"; };
		9322C5F71AACFD4A009E3BD8 /* Base */ = {isa = PBXFileReference; lastKnownFileType = file.xib; name = Base; path = Base.lproj/LaunchScreen.xib; sourceTree = "<group>"; };
		9322C5FD1AACFD4A009E3BD8 /* MusicPhoneTests.xctest */ = {isa = PBXFileReference; explicitFileType = wrapper.cfbundle; includeInIndex = 0; path = MusicPhoneTests.xctest; sourceTree = BUILT_PRODUCTS_DIR; };
		9322C6021AACFD4A009E3BD8 /* Info.plist */ = {isa = PBXFileReference; lastKnownFileType = text.plist.xml; path = Info.plist; sourceTree = "<group>"; };
		9322C6031AACFD4A009E3BD8 /* MusicPhoneTests.swift */ = {isa = PBXFileReference; lastKnownFileType = sourcecode.swift; path = MusicPhoneTests.swift; sourceTree = "<group>"; };
		942B357C1AAD03CD00347C1F /* LoginViewController.swift */ = {isa = PBXFileReference; fileEncoding = 4; lastKnownFileType = sourcecode.swift; path = LoginViewController.swift; sourceTree = "<group>"; };
/* End PBXFileReference section */

/* Begin PBXFrameworksBuildPhase section */
		9322C5E51AACFD4A009E3BD8 /* Frameworks */ = {
			isa = PBXFrameworksBuildPhase;
			buildActionMask = 2147483647;
			files = (
			);
			runOnlyForDeploymentPostprocessing = 0;
		};
		9322C5FA1AACFD4A009E3BD8 /* Frameworks */ = {
			isa = PBXFrameworksBuildPhase;
			buildActionMask = 2147483647;
			files = (
			);
			runOnlyForDeploymentPostprocessing = 0;
		};
/* End PBXFrameworksBuildPhase section */

/* Begin PBXGroup section */
		9322C5DF1AACFD4A009E3BD8 = {
			isa = PBXGroup;
			children = (
				9322C5EA1AACFD4A009E3BD8 /* MusicPhone */,
				9322C6001AACFD4A009E3BD8 /* MusicPhoneTests */,
				9322C5E91AACFD4A009E3BD8 /* Products */,
			);
			sourceTree = "<group>";
		};
		9322C5E91AACFD4A009E3BD8 /* Products */ = {
			isa = PBXGroup;
			children = (
				9322C5E81AACFD4A009E3BD8 /* MusicPhone.app */,
				9322C5FD1AACFD4A009E3BD8 /* MusicPhoneTests.xctest */,
			);
			name = Products;
			sourceTree = "<group>";
		};
		9322C5EA1AACFD4A009E3BD8 /* MusicPhone */ = {
			isa = PBXGroup;
			children = (
				94B4EE961AAD027B00EF1B1C /* Views */,
				94B4EE951AAD027600EF1B1C /* Controllers */,
				94B4EE941AAD026F00EF1B1C /* Models */,
				9322C5ED1AACFD4A009E3BD8 /* AppDelegate.swift */,
				9322C5EF1AACFD4A009E3BD8 /* ViewController.swift */,
				9322C5F11AACFD4A009E3BD8 /* Main.storyboard */,
				9322C5F41AACFD4A009E3BD8 /* Images.xcassets */,
				9322C5F61AACFD4A009E3BD8 /* LaunchScreen.xib */,
				9322C5EB1AACFD4A009E3BD8 /* Supporting Files */,
			);
			path = MusicPhone;
			sourceTree = "<group>";
		};
		9322C5EB1AACFD4A009E3BD8 /* Supporting Files */ = {
			isa = PBXGroup;
			children = (
				9322C5EC1AACFD4A009E3BD8 /* Info.plist */,
			);
			name = "Supporting Files";
			sourceTree = "<group>";
		};
		9322C6001AACFD4A009E3BD8 /* MusicPhoneTests */ = {
			isa = PBXGroup;
			children = (
				9322C6031AACFD4A009E3BD8 /* MusicPhoneTests.swift */,
				9322C6011AACFD4A009E3BD8 /* Supporting Files */,
			);
			path = MusicPhoneTests;
			sourceTree = "<group>";
		};
		9322C6011AACFD4A009E3BD8 /* Supporting Files */ = {
			isa = PBXGroup;
			children = (
				9322C6021AACFD4A009E3BD8 /* Info.plist */,
			);
			name = "Supporting Files";
			sourceTree = "<group>";
		};
		94B4EE941AAD026F00EF1B1C /* Models */ = {
			isa = PBXGroup;
			children = (
			);
			name = Models;
			sourceTree = "<group>";
		};
		94B4EE951AAD027600EF1B1C /* Controllers */ = {
			isa = PBXGroup;
			children = (
				942B357C1AAD03CD00347C1F /* LoginViewController.swift */,
			);
			name = Controllers;
			sourceTree = "<group>";
		};
		94B4EE961AAD027B00EF1B1C /* Views */ = {
			isa = PBXGroup;
			children = (
			);
			name = Views;
			sourceTree = "<group>";
		};
/* End PBXGroup section */

/* Begin PBXNativeTarget section */
		9322C5E71AACFD4A009E3BD8 /* MusicPhone */ = {
			isa = PBXNativeTarget;
			buildConfigurationList = 9322C6071AACFD4A009E3BD8 /* Build configuration list for PBXNativeTarget "MusicPhone" */;
			buildPhases = (
				9322C5E41AACFD4A009E3BD8 /* Sources */,
				9322C5E51AACFD4A009E3BD8 /* Frameworks */,
				9322C5E61AACFD4A009E3BD8 /* Resources */,
			);
			buildRules = (
			);
			dependencies = (
			);
			name = MusicPhone;
			productName = MusicPhone;
			productReference = 9322C5E81AACFD4A009E3BD8 /* MusicPhone.app */;
			productType = "com.apple.product-type.application";
		};
		9322C5FC1AACFD4A009E3BD8 /* MusicPhoneTests */ = {
			isa = PBXNativeTarget;
			buildConfigurationList = 9322C60A1AACFD4A009E3BD8 /* Build configuration list for PBXNativeTarget "MusicPhoneTests" */;
			buildPhases = (
				9322C5F91AACFD4A009E3BD8 /* Sources */,
				9322C5FA1AACFD4A009E3BD8 /* Frameworks */,
				9322C5FB1AACFD4A009E3BD8 /* Resources */,
			);
			buildRules = (
			);
			dependencies = (
				9322C5FF1AACFD4A009E3BD8 /* PBXTargetDependency */,
			);
			name = MusicPhoneTests;
			productName = MusicPhoneTests;
			productReference = 9322C5FD1AACFD4A009E3BD8 /* MusicPhoneTests.xctest */;
			productType = "com.apple.product-type.bundle.unit-test";
		};
/* End PBXNativeTarget section */

/* Begin PBXProject section */
		9322C5E01AACFD4A009E3BD8 /* Project object */ = {
			isa = PBXProject;
			attributes = {
				LastUpgradeCheck = 0610;
				ORGANIZATIONNAME = "Grant Mathews";
				TargetAttributes = {
					9322C5E71AACFD4A009E3BD8 = {
						CreatedOnToolsVersion = 6.1.1;
					};
					9322C5FC1AACFD4A009E3BD8 = {
						CreatedOnToolsVersion = 6.1.1;
						TestTargetID = 9322C5E71AACFD4A009E3BD8;
					};
				};
			};
			buildConfigurationList = 9322C5E31AACFD4A009E3BD8 /* Build configuration list for PBXProject "MusicPhone" */;
			compatibilityVersion = "Xcode 3.2";
			developmentRegion = English;
			hasScannedForEncodings = 0;
			knownRegions = (
				en,
				Base,
			);
			mainGroup = 9322C5DF1AACFD4A009E3BD8;
			productRefGroup = 9322C5E91AACFD4A009E3BD8 /* Products */;
			projectDirPath = "";
			projectRoot = "";
			targets = (
				9322C5E71AACFD4A009E3BD8 /* MusicPhone */,
				9322C5FC1AACFD4A009E3BD8 /* MusicPhoneTests */,
			);
		};
/* End PBXProject section */

/* Begin PBXResourcesBuildPhase section */
		9322C5E61AACFD4A009E3BD8 /* Resources */ = {
			isa = PBXResourcesBuildPhase;
			buildActionMask = 2147483647;
			files = (
				9322C5F31AACFD4A009E3BD8 /* Main.storyboard in Resources */,
				9322C5F81AACFD4A009E3BD8 /* LaunchScreen.xib in Resources */,
				9322C5F51AACFD4A009E3BD8 /* Images.xcassets in Resources */,
			);
			runOnlyForDeploymentPostprocessing = 0;
		};
		9322C5FB1AACFD4A009E3BD8 /* Resources */ = {
			isa = PBXResourcesBuildPhase;
			buildActionMask = 2147483647;
			files = (
			);
			runOnlyForDeploymentPostprocessing = 0;
		};
/* End PBXResourcesBuildPhase section */

/* Begin PBXSourcesBuildPhase section */
		9322C5E41AACFD4A009E3BD8 /* Sources */ = {
			isa = PBXSourcesBuildPhase;
			buildActionMask = 2147483647;
			files = (
				942B357D1AAD03CD00347C1F /* LoginViewController.swift in Sources */,
				9322C5F01AACFD4A009E3BD8 /* ViewController.swift in Sources */,
				9322C5EE1AACFD4A009E3BD8 /* AppDelegate.swift in Sources */,
			);
			runOnlyForDeploymentPostprocessing = 0;
		};
		9322C5F91AACFD4A009E3BD8 /* Sources */ = {
			isa = PBXSourcesBuildPhase;
			buildActionMask = 2147483647;
			files = (
				9322C6041AACFD4A009E3BD8 /* MusicPhoneTests.swift in Sources */,
			);
			runOnlyForDeploymentPostprocessing = 0;
		};
/* End PBXSourcesBuildPhase section */

/* Begin PBXTargetDependency section */
		9322C5FF1AACFD4A009E3BD8 /* PBXTargetDependency */ = {
			isa = PBXTargetDependency;
			target = 9322C5E71AACFD4A009E3BD8 /* MusicPhone */;
			targetProxy = 9322C5FE1AACFD4A009E3BD8 /* PBXContainerItemProxy */;
		};
/* End PBXTargetDependency section */

/* Begin PBXVariantGroup section */
		9322C5F11AACFD4A009E3BD8 /* Main.storyboard */ = {
			isa = PBXVariantGroup;
			children = (
				9322C5F21AACFD4A009E3BD8 /* Base */,
			);
			name = Main.storyboard;
			sourceTree = "<group>";
		};
		9322C5F61AACFD4A009E3BD8 /* LaunchScreen.xib */ = {
			isa = PBXVariantGroup;
			children = (
				9322C5F71AACFD4A009E3BD8 /* Base */,
			);
			name = LaunchScreen.xib;
			sourceTree = "<group>";
		};
/* End PBXVariantGroup section */

/* Begin XCBuildConfiguration section */
		9322C6051AACFD4A009E3BD8 /* Debug */ = {
			isa = XCBuildConfiguration;
			buildSettings = {
				ALWAYS_SEARCH_USER_PATHS = NO;
				CLANG_CXX_LANGUAGE_STANDARD = "gnu++0x";
				CLANG_CXX_LIBRARY = "libc++";
				CLANG_ENABLE_MODULES = YES;
				CLANG_ENABLE_OBJC_ARC = YES;
				CLANG_WARN_BOOL_CONVERSION = YES;
				CLANG_WARN_CONSTANT_CONVERSION = YES;
				CLANG_WARN_DIRECT_OBJC_ISA_USAGE = YES_ERROR;
				CLANG_WARN_EMPTY_BODY = YES;
				CLANG_WARN_ENUM_CONVERSION = YES;
				CLANG_WARN_INT_CONVERSION = YES;
				CLANG_WARN_OBJC_ROOT_CLASS = YES_ERROR;
				CLANG_WARN_UNREACHABLE_CODE = YES;
				CLANG_WARN__DUPLICATE_METHOD_MATCH = YES;
				"CODE_SIGN_IDENTITY[sdk=iphoneos*]" = "iPhone Developer";
				COPY_PHASE_STRIP = NO;
				ENABLE_STRICT_OBJC_MSGSEND = YES;
				GCC_C_LANGUAGE_STANDARD = gnu99;
				GCC_DYNAMIC_NO_PIC = NO;
				GCC_OPTIMIZATION_LEVEL = 0;
				GCC_PREPROCESSOR_DEFINITIONS = (
					"DEBUG=1",
					"$(inherited)",
				);
				GCC_SYMBOLS_PRIVATE_EXTERN = NO;
				GCC_WARN_64_TO_32_BIT_CONVERSION = YES;
				GCC_WARN_ABOUT_RETURN_TYPE = YES_ERROR;
				GCC_WARN_UNDECLARED_SELECTOR = YES;
				GCC_WARN_UNINITIALIZED_AUTOS = YES_AGGRESSIVE;
				GCC_WARN_UNUSED_FUNCTION = YES;
				GCC_WARN_UNUSED_VARIABLE = YES;
				IPHONEOS_DEPLOYMENT_TARGET = 8.1;
				MTL_ENABLE_DEBUG_INFO = YES;
				ONLY_ACTIVE_ARCH = YES;
				SDKROOT = iphoneos;
				SWIFT_OPTIMIZATION_LEVEL = "-Onone";
				TARGETED_DEVICE_FAMILY = "1,2";
			};
			name = Debug;
		};
		9322C6061AACFD4A009E3BD8 /* Release */ = {
			isa = XCBuildConfiguration;
			buildSettings = {
				ALWAYS_SEARCH_USER_PATHS = NO;
				CLANG_CXX_LANGUAGE_STANDARD = "gnu++0x";
				CLANG_CXX_LIBRARY = "libc++";
				CLANG_ENABLE_MODULES = YES;
				CLANG_ENABLE_OBJC_ARC = YES;
				CLANG_WARN_BOOL_CONVERSION = YES;
				CLANG_WARN_CONSTANT_CONVERSION = YES;
				CLANG_WARN_DIRECT_OBJC_ISA_USAGE = YES_ERROR;
				CLANG_WARN_EMPTY_BODY = YES;
				CLANG_WARN_ENUM_CONVERSION = YES;
				CLANG_WARN_INT_CONVERSION = YES;
				CLANG_WARN_OBJC_ROOT_CLASS = YES_ERROR;
				CLANG_WARN_UNREACHABLE_CODE = YES;
				CLANG_WARN__DUPLICATE_METHOD_MATCH = YES;
				"CODE_SIGN_IDENTITY[sdk=iphoneos*]" = "iPhone Developer";
				COPY_PHASE_STRIP = YES;
				ENABLE_NS_ASSERTIONS = NO;
				ENABLE_STRICT_OBJC_MSGSEND = YES;
				GCC_C_LANGUAGE_STANDARD = gnu99;
				GCC_WARN_64_TO_32_BIT_CONVERSION = YES;
				GCC_WARN_ABOUT_RETURN_TYPE = YES_ERROR;
				GCC_WARN_UNDECLARED_SELECTOR = YES;
				GCC_WARN_UNINITIALIZED_AUTOS = YES_AGGRESSIVE;
				GCC_WARN_UNUSED_FUNCTION = YES;
				GCC_WARN_UNUSED_VARIABLE = YES;
				IPHONEOS_DEPLOYMENT_TARGET = 8.1;
				MTL_ENABLE_DEBUG_INFO = NO;
				SDKROOT = iphoneos;
				TARGETED_DEVICE_FAMILY = "1,2";
				VALIDATE_PRODUCT = YES;
			};
			name = Release;
		};
		9322C6081AACFD4A009E3BD8 /* Debug */ = {
			isa = XCBuildConfiguration;
			buildSettings = {
				ASSETCATALOG_COMPILER_APPICON_NAME = AppIcon;
				INFOPLIST_FILE = MusicPhone/Info.plist;
				LD_RUNPATH_SEARCH_PATHS = "$(inherited) @executable_path/Frameworks";
				PRODUCT_NAME = "$(TARGET_NAME)";
			};
			name = Debug;
		};
		9322C6091AACFD4A009E3BD8 /* Release */ = {
			isa = XCBuildConfiguration;
			buildSettings = {
				ASSETCATALOG_COMPILER_APPICON_NAME = AppIcon;
				INFOPLIST_FILE = MusicPhone/Info.plist;
				LD_RUNPATH_SEARCH_PATHS = "$(inherited) @executable_path/Frameworks";
				PRODUCT_NAME = "$(TARGET_NAME)";
			};
			name = Release;
		};
		9322C60B1AACFD4A009E3BD8 /* Debug */ = {
			isa = XCBuildConfiguration;
			buildSettings = {
				BUNDLE_LOADER = "$(TEST_HOST)";
				FRAMEWORK_SEARCH_PATHS = (
					"$(SDKROOT)/Developer/Library/Frameworks",
					"$(inherited)",
				);
				GCC_PREPROCESSOR_DEFINITIONS = (
					"DEBUG=1",
					"$(inherited)",
				);
				INFOPLIST_FILE = MusicPhoneTests/Info.plist;
				LD_RUNPATH_SEARCH_PATHS = "$(inherited) @executable_path/Frameworks @loader_path/Frameworks";
				PRODUCT_NAME = "$(TARGET_NAME)";
				TEST_HOST = "$(BUILT_PRODUCTS_DIR)/MusicPhone.app/MusicPhone";
			};
			name = Debug;
		};
		9322C60C1AACFD4A009E3BD8 /* Release */ = {
			isa = XCBuildConfiguration;
			buildSettings = {
				BUNDLE_LOADER = "$(TEST_HOST)";
				FRAMEWORK_SEARCH_PATHS = (
					"$(SDKROOT)/Developer/Library/Frameworks",
					"$(inherited)",
				);
				INFOPLIST_FILE = MusicPhoneTests/Info.plist;
				LD_RUNPATH_SEARCH_PATHS = "$(inherited) @executable_path/Frameworks @loader_path/Frameworks";
				PRODUCT_NAME = "$(TARGET_NAME)";
				TEST_HOST = "$(BUILT_PRODUCTS_DIR)/MusicPhone.app/MusicPhone";
			};
			name = Release;
		};
/* End XCBuildConfiguration section */

/* Begin XCConfigurationList section */
		9322C5E31AACFD4A009E3BD8 /* Build configuration list for PBXProject "MusicPhone" */ = {
			isa = XCConfigurationList;
			buildConfigurations = (
				9322C6051AACFD4A009E3BD8 /* Debug */,
				9322C6061AACFD4A009E3BD8 /* Release */,
			);
			defaultConfigurationIsVisible = 0;
			defaultConfigurationName = Release;
		};
		9322C6071AACFD4A009E3BD8 /* Build configuration list for PBXNativeTarget "MusicPhone" */ = {
			isa = XCConfigurationList;
			buildConfigurations = (
				9322C6081AACFD4A009E3BD8 /* Debug */,
				9322C6091AACFD4A009E3BD8 /* Release */,
			);
			defaultConfigurationIsVisible = 0;
			defaultConfigurationName = Release;
		};
		9322C60A1AACFD4A009E3BD8 /* Build configuration list for PBXNativeTarget "MusicPhoneTests" */ = {
			isa = XCConfigurationList;
			buildConfigurations = (
				9322C60B1AACFD4A009E3BD8 /* Debug */,
				9322C60C1AACFD4A009E3BD8 /* Release */,
			);
			defaultConfigurationIsVisible = 0;
			defaultConfigurationName = Release;
		};
/* End XCConfigurationList section */
	};
	rootObject = 9322C5E01AACFD4A009E3BD8 /* Project object */;
}
